
Microsoft Visual Studio Solution File, Format Version 12.00
# Visual Studio Version 17
VisualStudioVersion = 17.9.34607.119
MinimumVisualStudioVersion = 10.0.40219.1
Project("{FAE04EC0-301F-11D3-BF4B-00C04F79EFBC}") = "ituStudyGroup", "ituStudyGroup\ituStudyGroup.csproj", "{61D4045C-2DA9-44BC-B4B0-B9DF48C8DE05}"
EndProject
Global
	GlobalSection(SolutionConfigurationPlatforms) = preSolution
		Debug|Any CPU = Debug|Any CPU
		Release|Any CPU = Release|Any CPU
	EndGlobalSection
	GlobalSection(ProjectConfigurationPlatforms) = postSolution
		{61D4045C-2DA9-44BC-B4B0-B9DF48C8DE05}.Debug|Any CPU.ActiveCfg = Debug|Any CPU
		{61D4045C-2DA9-44BC-B4B0-B9DF48C8DE05}.Debug|Any CPU.Build.0 = Debug|Any CPU
		{61D4045C-2DA9-44BC-B4B0-B9DF48C8DE05}.Release|Any CPU.ActiveCfg = Release|Any CPU
		{61D4045C-2DA9-44BC-B4B0-B9DF48C8DE05}.Release|Any CPU.Build.0 = Release|Any CPU
	EndGlobalSection
	GlobalSection(SolutionProperties) = preSolution
		HideSolutionNode = FALSE
	EndGlobalSection
	GlobalSection(ExtensibilityGlobals) = postSolution
		SolutionGuid = {2F1A02D0-2BE4-4C79-A55A-A7BF9C041416}
	EndGlobalSection
EndGlobal
